
Microsoft Visual Studio Solution File, Format Version 12.00
# Visual Studio Version 16
VisualStudioVersion = 16.0.29728.190
MinimumVisualStudioVersion = 10.0.40219.1
Project("{FAE04EC0-301F-11D3-BF4B-00C04F79EFBC}") = "ProgramaComOrientaçãoObjetos", "ProgramaComOrientaçãoObjetos\ProgramaComOrientaçãoObjetos.csproj", "{3FB2F649-E4D9-45A7-A067-AD4949443C7C}"
EndProject
Global
	GlobalSection(SolutionConfigurationPlatforms) = preSolution
		Debug|Any CPU = Debug|Any CPU
		Release|Any CPU = Release|Any CPU
	EndGlobalSection
	GlobalSection(ProjectConfigurationPlatforms) = postSolution
		{3FB2F649-E4D9-45A7-A067-AD4949443C7C}.Debug|Any CPU.ActiveCfg = Debug|Any CPU
		{3FB2F649-E4D9-45A7-A067-AD4949443C7C}.Debug|Any CPU.Build.0 = Debug|Any CPU
		{3FB2F649-E4D9-45A7-A067-AD4949443C7C}.Release|Any CPU.ActiveCfg = Release|Any CPU
		{3FB2F649-E4D9-45A7-A067-AD4949443C7C}.Release|Any CPU.Build.0 = Release|Any CPU
	EndGlobalSection
	GlobalSection(SolutionProperties) = preSolution
		HideSolutionNode = FALSE
	EndGlobalSection
	GlobalSection(ExtensibilityGlobals) = postSolution
		SolutionGuid = {C8EED81B-2AE3-4649-A32D-C8DD7FB935A4}
	EndGlobalSection
EndGlobal
